
Microsoft Visual Studio Solution File, Format Version 11.00
# Visual Studio 2010
Project("{8BC9CEB8-8B4A-11D0-8D11-00A0C91BC942}") = "win_dut", "win_dut.vcxproj", "{80CF53DD-4A63-4A6C-96D4-6C83ECD4D082}"
EndProject
Global
	GlobalSection(SolutionConfigurationPlatforms) = preSolution
		Debug|Win32 = Debug|Win32
		Release|Win32 = Release|Win32
	EndGlobalSection
	GlobalSection(ProjectConfigurationPlatforms) = postSolution
		{80CF53DD-4A63-4A6C-96D4-6C83ECD4D082}.Debug|Win32.ActiveCfg = Debug|Win32
		{80CF53DD-4A63-4A6C-96D4-6C83ECD4D082}.Debug|Win32.Build.0 = Debug|Win32
		{80CF53DD-4A63-4A6C-96D4-6C83ECD4D082}.Release|Win32.ActiveCfg = Release|Win32
		{80CF53DD-4A63-4A6C-96D4-6C83ECD4D082}.Release|Win32.Build.0 = Release|Win32
	EndGlobalSection
	GlobalSection(SolutionProperties) = preSolution
		HideSolutionNode = FALSE
	EndGlobalSection
EndGlobal
